// !$*UTF8*$!
{
	archiveVersion = 1;
	classes = {
	};
	objectVersion = 56;
	objects = {

/* Begin PBXBuildFile section */
		C0051C30299062BF002F802D /* self_storage_adminApp.swift in Sources */ = {isa = PBXBuildFile; fileRef = C0051C2F299062BF002F802D /* self_storage_adminApp.swift */; };
		C0051C32299062BF002F802D /* ContentView.swift in Sources */ = {isa = PBXBuildFile; fileRef = C0051C31299062BF002F802D /* ContentView.swift */; };
		C0051C34299062C0002F802D /* Assets.xcassets in Resources */ = {isa = PBXBuildFile; fileRef = C0051C33299062C0002F802D /* Assets.xcassets */; };
		C0051C38299062C0002F802D /* Preview Assets.xcassets in Resources */ = {isa = PBXBuildFile; fileRef = C0051C37299062C0002F802D /* Preview Assets.xcassets */; };
		C0051C42299062C0002F802D /* self_storage_adminTests.swift in Sources */ = {isa = PBXBuildFile; fileRef = C0051C41299062C0002F802D /* self_storage_adminTests.swift */; };
		C0051C4C299062C0002F802D /* self_storage_adminUITests.swift in Sources */ = {isa = PBXBuildFile; fileRef = C0051C4B299062C0002F802D /* self_storage_adminUITests.swift */; };
		C0051C4E299062C0002F802D /* self_storage_adminUITestsLaunchTests.swift in Sources */ = {isa = PBXBuildFile; fileRef = C0051C4D299062C0002F802D /* self_storage_adminUITestsLaunchTests.swift */; };
/* End PBXBuildFile section */

/* Begin PBXContainerItemProxy section */
		C0051C3E299062C0002F802D /* PBXContainerItemProxy */ = {
			isa = PBXContainerItemProxy;
			containerPortal = C0051C24299062BF002F802D /* Project object */;
			proxyType = 1;
			remoteGlobalIDString = C0051C2B299062BF002F802D;
			remoteInfo = "self-storage-admin";
		};
		C0051C48299062C0002F802D /* PBXContainerItemProxy */ = {
			isa = PBXContainerItemProxy;
			containerPortal = C0051C24299062BF002F802D /* Project object */;
			proxyType = 1;
			remoteGlobalIDString = C0051C2B299062BF002F802D;
			remoteInfo = "self-storage-admin";
		};
/* End PBXContainerItemProxy section */

/* Begin PBXFileReference section */
		C0051C2C299062BF002F802D /* self-storage-admin.app */ = {isa = PBXFileReference; explicitFileType = wrapper.application; includeInIndex = 0; path = "self-storage-admin.app"; sourceTree = BUILT_PRODUCTS_DIR; };
		C0051C2F299062BF002F802D /* self_storage_adminApp.swift */ = {isa = PBXFileReference; lastKnownFileType = sourcecode.swift; path = self_storage_adminApp.swift; sourceTree = "<group>"; };
		C0051C31299062BF002F802D /* ContentView.swift */ = {isa = PBXFileReference; lastKnownFileType = sourcecode.swift; path = ContentView.swift; sourceTree = "<group>"; };
		C0051C33299062C0002F802D /* Assets.xcassets */ = {isa = PBXFileReference; lastKnownFileType = folder.assetcatalog; path = Assets.xcassets; sourceTree = "<group>"; };
		C0051C35299062C0002F802D /* self_storage_admin.entitlements */ = {isa = PBXFileReference; lastKnownFileType = text.plist.entitlements; path = self_storage_admin.entitlements; sourceTree = "<group>"; };
		C0051C37299062C0002F802D /* Preview Assets.xcassets */ = {isa = PBXFileReference; lastKnownFileType = folder.assetcatalog; path = "Preview Assets.xcassets"; sourceTree = "<group>"; };
		C0051C3D299062C0002F802D /* self-storage-adminTests.xctest */ = {isa = PBXFileReference; explicitFileType = wrapper.cfbundle; includeInIndex = 0; path = "self-storage-adminTests.xctest"; sourceTree = BUILT_PRODUCTS_DIR; };
		C0051C41299062C0002F802D /* self_storage_adminTests.swift */ = {isa = PBXFileReference; lastKnownFileType = sourcecode.swift; path = self_storage_adminTests.swift; sourceTree = "<group>"; };
		C0051C47299062C0002F802D /* self-storage-adminUITests.xctest */ = {isa = PBXFileReference; explicitFileType = wrapper.cfbundle; includeInIndex = 0; path = "self-storage-adminUITests.xctest"; sourceTree = BUILT_PRODUCTS_DIR; };
		C0051C4B299062C0002F802D /* self_storage_adminUITests.swift */ = {isa = PBXFileReference; lastKnownFileType = sourcecode.swift; path = self_storage_adminUITests.swift; sourceTree = "<group>"; };
		C0051C4D299062C0002F802D /* self_storage_adminUITestsLaunchTests.swift */ = {isa = PBXFileReference; lastKnownFileType = sourcecode.swift; path = self_storage_adminUITestsLaunchTests.swift; sourceTree = "<group>"; };
/* End PBXFileReference section */

/* Begin PBXFrameworksBuildPhase section */
		C0051C29299062BF002F802D /* Frameworks */ = {
			isa = PBXFrameworksBuildPhase;
			buildActionMask = 2147483647;
			files = (
			);
			runOnlyForDeploymentPostprocessing = 0;
		};
		C0051C3A299062C0002F802D /* Frameworks */ = {
			isa = PBXFrameworksBuildPhase;
			buildActionMask = 2147483647;
			files = (
			);
			runOnlyForDeploymentPostprocessing = 0;
		};
		C0051C44299062C0002F802D /* Frameworks */ = {
			isa = PBXFrameworksBuildPhase;
			buildActionMask = 2147483647;
			files = (
			);
			runOnlyForDeploymentPostprocessing = 0;
		};
/* End PBXFrameworksBuildPhase section */

/* Begin PBXGroup section */
		C0051C23299062BF002F802D = {
			isa = PBXGroup;
			children = (
				C0051C2E299062BF002F802D /* self-storage-admin */,
				C0051C40299062C0002F802D /* self-storage-adminTests */,
				C0051C4A299062C0002F802D /* self-storage-adminUITests */,
				C0051C2D299062BF002F802D /* Products */,
			);
			sourceTree = "<group>";
		};
		C0051C2D299062BF002F802D /* Products */ = {
			isa = PBXGroup;
			children = (
				C0051C2C299062BF002F802D /* self-storage-admin.app */,
				C0051C3D299062C0002F802D /* self-storage-adminTests.xctest */,
				C0051C47299062C0002F802D /* self-storage-adminUITests.xctest */,
			);
			name = Products;
			sourceTree = "<group>";
		};
		C0051C2E299062BF002F802D /* self-storage-admin */ = {
			isa = PBXGroup;
			children = (
				C0051C2F299062BF002F802D /* self_storage_adminApp.swift */,
				C0051C31299062BF002F802D /* ContentView.swift */,
				C0051C33299062C0002F802D /* Assets.xcassets */,
				C0051C35299062C0002F802D /* self_storage_admin.entitlements */,
				C0051C36299062C0002F802D /* Preview Content */,
			);
			path = "self-storage-admin";
			sourceTree = "<group>";
		};
		C0051C36299062C0002F802D /* Preview Content */ = {
			isa = PBXGroup;
			children = (
				C0051C37299062C0002F802D /* Preview Assets.xcassets */,
			);
			path = "Preview Content";
			sourceTree = "<group>";
		};
		C0051C40299062C0002F802D /* self-storage-adminTests */ = {
			isa = PBXGroup;
			children = (
				C0051C41299062C0002F802D /* self_storage_adminTests.swift */,
			);
			path = "self-storage-adminTests";
			sourceTree = "<group>";
		};
		C0051C4A299062C0002F802D /* self-storage-adminUITests */ = {
			isa = PBXGroup;
			children = (
				C0051C4B299062C0002F802D /* self_storage_adminUITests.swift */,
				C0051C4D299062C0002F802D /* self_storage_adminUITestsLaunchTests.swift */,
			);
			path = "self-storage-adminUITests";
			sourceTree = "<group>";
		};
/* End PBXGroup section */

/* Begin PBXNativeTarget section */
		C0051C2B299062BF002F802D /* self-storage-admin */ = {
			isa = PBXNativeTarget;
			buildConfigurationList = C0051C51299062C0002F802D /* Build configuration list for PBXNativeTarget "self-storage-admin" */;
			buildPhases = (
				C0051C28299062BF002F802D /* Sources */,
				C0051C29299062BF002F802D /* Frameworks */,
				C0051C2A299062BF002F802D /* Resources */,
			);
			buildRules = (
			);
			dependencies = (
			);
			name = "self-storage-admin";
			productName = "self-storage-admin";
			productReference = C0051C2C299062BF002F802D /* self-storage-admin.app */;
			productType = "com.apple.product-type.application";
		};
		C0051C3C299062C0002F802D /* self-storage-adminTests */ = {
			isa = PBXNativeTarget;
			buildConfigurationList = C0051C54299062C0002F802D /* Build configuration list for PBXNativeTarget "self-storage-adminTests" */;
			buildPhases = (
				C0051C39299062C0002F802D /* Sources */,
				C0051C3A299062C0002F802D /* Frameworks */,
				C0051C3B299062C0002F802D /* Resources */,
			);
			buildRules = (
			);
			dependencies = (
				C0051C3F299062C0002F802D /* PBXTargetDependency */,
			);
			name = "self-storage-adminTests";
			productName = "self-storage-adminTests";
			productReference = C0051C3D299062C0002F802D /* self-storage-adminTests.xctest */;
			productType = "com.apple.product-type.bundle.unit-test";
		};
		C0051C46299062C0002F802D /* self-storage-adminUITests */ = {
			isa = PBXNativeTarget;
			buildConfigurationList = C0051C57299062C0002F802D /* Build configuration list for PBXNativeTarget "self-storage-adminUITests" */;
			buildPhases = (
				C0051C43299062C0002F802D /* Sources */,
				C0051C44299062C0002F802D /* Frameworks */,
				C0051C45299062C0002F802D /* Resources */,
			);
			buildRules = (
			);
			dependencies = (
				C0051C49299062C0002F802D /* PBXTargetDependency */,
			);
			name = "self-storage-adminUITests";
			productName = "self-storage-adminUITests";
			productReference = C0051C47299062C0002F802D /* self-storage-adminUITests.xctest */;
			productType = "com.apple.product-type.bundle.ui-testing";
		};
/* End PBXNativeTarget section */

/* Begin PBXProject section */
		C0051C24299062BF002F802D /* Project object */ = {
			isa = PBXProject;
			attributes = {
				BuildIndependentTargetsInParallel = 1;
				LastSwiftUpdateCheck = 1400;
				LastUpgradeCheck = 1400;
				TargetAttributes = {
					C0051C2B299062BF002F802D = {
						CreatedOnToolsVersion = 14.0;
					};
					C0051C3C299062C0002F802D = {
						CreatedOnToolsVersion = 14.0;
						TestTargetID = C0051C2B299062BF002F802D;
					};
					C0051C46299062C0002F802D = {
						CreatedOnToolsVersion = 14.0;
						TestTargetID = C0051C2B299062BF002F802D;
					};
				};
			};
			buildConfigurationList = C0051C27299062BF002F802D /* Build configuration list for PBXProject "self-storage-admin" */;
			compatibilityVersion = "Xcode 14.0";
			developmentRegion = en;
			hasScannedForEncodings = 0;
			knownRegions = (
				en,
				Base,
			);
			mainGroup = C0051C23299062BF002F802D;
			productRefGroup = C0051C2D299062BF002F802D /* Products */;
			projectDirPath = "";
			projectRoot = "";
			targets = (
				C0051C2B299062BF002F802D /* self-storage-admin */,
				C0051C3C299062C0002F802D /* self-storage-adminTests */,
				C0051C46299062C0002F802D /* self-storage-adminUITests */,
			);
		};
/* End PBXProject section */

/* Begin PBXResourcesBuildPhase section */
		C0051C2A299062BF002F802D /* Resources */ = {
			isa = PBXResourcesBuildPhase;
			buildActionMask = 2147483647;
			files = (
				C0051C38299062C0002F802D /* Preview Assets.xcassets in Resources */,
				C0051C34299062C0002F802D /* Assets.xcassets in Resources */,
			);
			runOnlyForDeploymentPostprocessing = 0;
		};
		C0051C3B299062C0002F802D /* Resources */ = {
			isa = PBXResourcesBuildPhase;
			buildActionMask = 2147483647;
			files = (
			);
			runOnlyForDeploymentPostprocessing = 0;
		};
		C0051C45299062C0002F802D /* Resources */ = {
			isa = PBXResourcesBuildPhase;
			buildActionMask = 2147483647;
			files = (
			);
			runOnlyForDeploymentPostprocessing = 0;
		};
/* End PBXResourcesBuildPhase section */

/* Begin PBXSourcesBuildPhase section */
		C0051C28299062BF002F802D /* Sources */ = {
			isa = PBXSourcesBuildPhase;
			buildActionMask = 2147483647;
			files = (
				C0051C32299062BF002F802D /* ContentView.swift in Sources */,
				C0051C30299062BF002F802D /* self_storage_adminApp.swift in Sources */,
			);
			runOnlyForDeploymentPostprocessing = 0;
		};
		C0051C39299062C0002F802D /* Sources */ = {
			isa = PBXSourcesBuildPhase;
			buildActionMask = 2147483647;
			files = (
				C0051C42299062C0002F802D /* self_storage_adminTests.swift in Sources */,
			);
			runOnlyForDeploymentPostprocessing = 0;
		};
		C0051C43299062C0002F802D /* Sources */ = {
			isa = PBXSourcesBuildPhase;
			buildActionMask = 2147483647;
			files = (
				C0051C4E299062C0002F802D /* self_storage_adminUITestsLaunchTests.swift in Sources */,
				C0051C4C299062C0002F802D /* self_storage_adminUITests.swift in Sources */,
			);
			runOnlyForDeploymentPostprocessing = 0;
		};
/* End PBXSourcesBuildPhase section */

/* Begin PBXTargetDependency section */
		C0051C3F299062C0002F802D /* PBXTargetDependency */ = {
			isa = PBXTargetDependency;
			target = C0051C2B299062BF002F802D /* self-storage-admin */;
			targetProxy = C0051C3E299062C0002F802D /* PBXContainerItemProxy */;
		};
		C0051C49299062C0002F802D /* PBXTargetDependency */ = {
			isa = PBXTargetDependency;
			target = C0051C2B299062BF002F802D /* self-storage-admin */;
			targetProxy = C0051C48299062C0002F802D /* PBXContainerItemProxy */;
		};
/* End PBXTargetDependency section */

/* Begin XCBuildConfiguration section */
		C0051C4F299062C0002F802D /* Debug */ = {
			isa = XCBuildConfiguration;
			buildSettings = {
				ALWAYS_SEARCH_USER_PATHS = NO;
				CLANG_ANALYZER_NONNULL = YES;
				CLANG_ANALYZER_NUMBER_OBJECT_CONVERSION = YES_AGGRESSIVE;
				CLANG_CXX_LANGUAGE_STANDARD = "gnu++20";
				CLANG_ENABLE_MODULES = YES;
				CLANG_ENABLE_OBJC_ARC = YES;
				CLANG_ENABLE_OBJC_WEAK = YES;
				CLANG_WARN_BLOCK_CAPTURE_AUTORELEASING = YES;
				CLANG_WARN_BOOL_CONVERSION = YES;
				CLANG_WARN_COMMA = YES;
				CLANG_WARN_CONSTANT_CONVERSION = YES;
				CLANG_WARN_DEPRECATED_OBJC_IMPLEMENTATIONS = YES;
				CLANG_WARN_DIRECT_OBJC_ISA_USAGE = YES_ERROR;
				CLANG_WARN_DOCUMENTATION_COMMENTS = YES;
				CLANG_WARN_EMPTY_BODY = YES;
				CLANG_WARN_ENUM_CONVERSION = YES;
				CLANG_WARN_INFINITE_RECURSION = YES;
				CLANG_WARN_INT_CONVERSION = YES;
				CLANG_WARN_NON_LITERAL_NULL_CONVERSION = YES;
				CLANG_WARN_OBJC_IMPLICIT_RETAIN_SELF = YES;
				CLANG_WARN_OBJC_LITERAL_CONVERSION = YES;
				CLANG_WARN_OBJC_ROOT_CLASS = YES_ERROR;
				CLANG_WARN_QUOTED_INCLUDE_IN_FRAMEWORK_HEADER = YES;
				CLANG_WARN_RANGE_LOOP_ANALYSIS = YES;
				CLANG_WARN_STRICT_PROTOTYPES = YES;
				CLANG_WARN_SUSPICIOUS_MOVE = YES;
				CLANG_WARN_UNGUARDED_AVAILABILITY = YES_AGGRESSIVE;
				CLANG_WARN_UNREACHABLE_CODE = YES;
				CLANG_WARN__DUPLICATE_METHOD_MATCH = YES;
				COPY_PHASE_STRIP = NO;
				DEBUG_INFORMATION_FORMAT = dwarf;
				ENABLE_STRICT_OBJC_MSGSEND = YES;
				ENABLE_TESTABILITY = YES;
				GCC_C_LANGUAGE_STANDARD = gnu11;
				GCC_DYNAMIC_NO_PIC = NO;
				GCC_NO_COMMON_BLOCKS = YES;
				GCC_OPTIMIZATION_LEVEL = 0;
				GCC_PREPROCESSOR_DEFINITIONS = (
					"DEBUG=1",
					"$(inherited)",
				);
				GCC_WARN_64_TO_32_BIT_CONVERSION = YES;
				GCC_WARN_ABOUT_RETURN_TYPE = YES_ERROR;
				GCC_WARN_UNDECLARED_SELECTOR = YES;
				GCC_WARN_UNINITIALIZED_AUTOS = YES_AGGRESSIVE;
				GCC_WARN_UNUSED_FUNCTION = YES;
				GCC_WARN_UNUSED_VARIABLE = YES;
				MTL_ENABLE_DEBUG_INFO = INCLUDE_SOURCE;
				MTL_FAST_MATH = YES;
				ONLY_ACTIVE_ARCH = YES;
				SWIFT_ACTIVE_COMPILATION_CONDITIONS = DEBUG;
				SWIFT_OPTIMIZATION_LEVEL = "-Onone";
			};
			name = Debug;
		};
		C0051C50299062C0002F802D /* Release */ = {
			isa = XCBuildConfiguration;
			buildSettings = {
				ALWAYS_SEARCH_USER_PATHS = NO;
				CLANG_ANALYZER_NONNULL = YES;
				CLANG_ANALYZER_NUMBER_OBJECT_CONVERSION = YES_AGGRESSIVE;
				CLANG_CXX_LANGUAGE_STANDARD = "gnu++20";
				CLANG_ENABLE_MODULES = YES;
				CLANG_ENABLE_OBJC_ARC = YES;
				CLANG_ENABLE_OBJC_WEAK = YES;
				CLANG_WARN_BLOCK_CAPTURE_AUTORELEASING = YES;
				CLANG_WARN_BOOL_CONVERSION = YES;
				CLANG_WARN_COMMA = YES;
				CLANG_WARN_CONSTANT_CONVERSION = YES;
				CLANG_WARN_DEPRECATED_OBJC_IMPLEMENTATIONS = YES;
				CLANG_WARN_DIRECT_OBJC_ISA_USAGE = YES_ERROR;
				CLANG_WARN_DOCUMENTATION_COMMENTS = YES;
				CLANG_WARN_EMPTY_BODY = YES;
				CLANG_WARN_ENUM_CONVERSION = YES;
				CLANG_WARN_INFINITE_RECURSION = YES;
				CLANG_WARN_INT_CONVERSION = YES;
				CLANG_WARN_NON_LITERAL_NULL_CONVERSION = YES;
				CLANG_WARN_OBJC_IMPLICIT_RETAIN_SELF = YES;
				CLANG_WARN_OBJC_LITERAL_CONVERSION = YES;
				CLANG_WARN_OBJC_ROOT_CLASS = YES_ERROR;
				CLANG_WARN_QUOTED_INCLUDE_IN_FRAMEWORK_HEADER = YES;
				CLANG_WARN_RANGE_LOOP_ANALYSIS = YES;
				CLANG_WARN_STRICT_PROTOTYPES = YES;
				CLANG_WARN_SUSPICIOUS_MOVE = YES;
				CLANG_WARN_UNGUARDED_AVAILABILITY = YES_AGGRESSIVE;
				CLANG_WARN_UNREACHABLE_CODE = YES;
				CLANG_WARN__DUPLICATE_METHOD_MATCH = YES;
				COPY_PHASE_STRIP = NO;
				DEBUG_INFORMATION_FORMAT = "dwarf-with-dsym";
				ENABLE_NS_ASSERTIONS = NO;
				ENABLE_STRICT_OBJC_MSGSEND = YES;
				GCC_C_LANGUAGE_STANDARD = gnu11;
				GCC_NO_COMMON_BLOCKS = YES;
				GCC_WARN_64_TO_32_BIT_CONVERSION = YES;
				GCC_WARN_ABOUT_RETURN_TYPE = YES_ERROR;
				GCC_WARN_UNDECLARED_SELECTOR = YES;
				GCC_WARN_UNINITIALIZED_AUTOS = YES_AGGRESSIVE;
				GCC_WARN_UNUSED_FUNCTION = YES;
				GCC_WARN_UNUSED_VARIABLE = YES;
				MTL_ENABLE_DEBUG_INFO = NO;
				MTL_FAST_MATH = YES;
				SWIFT_COMPILATION_MODE = wholemodule;
				SWIFT_OPTIMIZATION_LEVEL = "-O";
			};
			name = Release;
		};
		C0051C52299062C0002F802D /* Debug */ = {
			isa = XCBuildConfiguration;
			buildSettings = {
				ASSETCATALOG_COMPILER_APPICON_NAME = AppIcon;
				ASSETCATALOG_COMPILER_GLOBAL_ACCENT_COLOR_NAME = AccentColor;
				CODE_SIGN_ENTITLEMENTS = "self-storage-admin/self_storage_admin.entitlements";
				CODE_SIGN_STYLE = Automatic;
				CURRENT_PROJECT_VERSION = 1;
				DEVELOPMENT_ASSET_PATHS = "\"self-storage-admin/Preview Content\"";
				DEVELOPMENT_TEAM = P9EUWQ8PR3;
				ENABLE_HARDENED_RUNTIME = YES;
				ENABLE_PREVIEWS = YES;
				GENERATE_INFOPLIST_FILE = YES;
				"INFOPLIST_KEY_UIApplicationSceneManifest_Generation[sdk=iphoneos*]" = YES;
				"INFOPLIST_KEY_UIApplicationSceneManifest_Generation[sdk=iphonesimulator*]" = YES;
				"INFOPLIST_KEY_UIApplicationSupportsIndirectInputEvents[sdk=iphoneos*]" = YES;
				"INFOPLIST_KEY_UIApplicationSupportsIndirectInputEvents[sdk=iphonesimulator*]" = YES;
				"INFOPLIST_KEY_UILaunchScreen_Generation[sdk=iphoneos*]" = YES;
				"INFOPLIST_KEY_UILaunchScreen_Generation[sdk=iphonesimulator*]" = YES;
				"INFOPLIST_KEY_UIStatusBarStyle[sdk=iphoneos*]" = UIStatusBarStyleDefault;
				"INFOPLIST_KEY_UIStatusBarStyle[sdk=iphonesimulator*]" = UIStatusBarStyleDefault;
				INFOPLIST_KEY_UISupportedInterfaceOrientations_iPad = "UIInterfaceOrientationPortrait UIInterfaceOrientationPortraitUpsideDown UIInterfaceOrientationLandscapeLeft UIInterfaceOrientationLandscapeRight";
				INFOPLIST_KEY_UISupportedInterfaceOrientations_iPhone = "UIInterfaceOrientationPortrait UIInterfaceOrientationLandscapeLeft UIInterfaceOrientationLandscapeRight";
				IPHONEOS_DEPLOYMENT_TARGET = 16.0;
				LD_RUNPATH_SEARCH_PATHS = "@executable_path/Frameworks";
				"LD_RUNPATH_SEARCH_PATHS[sdk=macosx*]" = "@executable_path/../Frameworks";
				MACOSX_DEPLOYMENT_TARGET = 12.3;
				MARKETING_VERSION = 1.0;
				PRODUCT_BUNDLE_IDENTIFIER = "captaincode.cc.self-storage-admin";
				PRODUCT_NAME = "$(TARGET_NAME)";
				SDKROOT = auto;
				SUPPORTED_PLATFORMS = "iphoneos iphonesimulator macosx";
				SWIFT_EMIT_LOC_STRINGS = YES;
				SWIFT_VERSION = 5.0;
				TARGETED_DEVICE_FAMILY = "1,2";
			};
			name = Debug;
		};
		C0051C53299062C0002F802D /* Release */ = {
			isa = XCBuildConfiguration;
			buildSettings = {
				ASSETCATALOG_COMPILER_APPICON_NAME = AppIcon;
				ASSETCATALOG_COMPILER_GLOBAL_ACCENT_COLOR_NAME = AccentColor;
				CODE_SIGN_ENTITLEMENTS = "self-storage-admin/self_storage_admin.entitlements";
				CODE_SIGN_STYLE = Automatic;
				CURRENT_PROJECT_VERSION = 1;
				DEVELOPMENT_ASSET_PATHS = "\"self-storage-admin/Preview Content\"";
				DEVELOPMENT_TEAM = P9EUWQ8PR3;
				ENABLE_HARDENED_RUNTIME = YES;
				ENABLE_PREVIEWS = YES;
				GENERATE_INFOPLIST_FILE = YES;
				"INFOPLIST_KEY_UIApplicationSceneManifest_Generation[sdk=iphoneos*]" = YES;
				"INFOPLIST_KEY_UIApplicationSceneManifest_Generation[sdk=iphonesimulator*]" = YES;
				"INFOPLIST_KEY_UIApplicationSupportsIndirectInputEvents[sdk=iphoneos*]" = YES;
				"INFOPLIST_KEY_UIApplicationSupportsIndirectInputEvents[sdk=iphonesimulator*]" = YES;
				"INFOPLIST_KEY_UILaunchScreen_Generation[sdk=iphoneos*]" = YES;
				"INFOPLIST_KEY_UILaunchScreen_Generation[sdk=iphonesimulator*]" = YES;
				"INFOPLIST_KEY_UIStatusBarStyle[sdk=iphoneos*]" = UIStatusBarStyleDefault;
				"INFOPLIST_KEY_UIStatusBarStyle[sdk=iphonesimulator*]" = UIStatusBarStyleDefault;
				INFOPLIST_KEY_UISupportedInterfaceOrientations_iPad = "UIInterfaceOrientationPortrait UIInterfaceOrientationPortraitUpsideDown UIInterfaceOrientationLandscapeLeft UIInterfaceOrientationLandscapeRight";
				INFOPLIST_KEY_UISupportedInterfaceOrientations_iPhone = "UIInterfaceOrientationPortrait UIInterfaceOrientationLandscapeLeft UIInterfaceOrientationLandscapeRight";
				IPHONEOS_DEPLOYMENT_TARGET = 16.0;
				LD_RUNPATH_SEARCH_PATHS = "@executable_path/Frameworks";
				"LD_RUNPATH_SEARCH_PATHS[sdk=macosx*]" = "@executable_path/../Frameworks";
				MACOSX_DEPLOYMENT_TARGET = 12.3;
				MARKETING_VERSION = 1.0;
				PRODUCT_BUNDLE_IDENTIFIER = "captaincode.cc.self-storage-admin";
				PRODUCT_NAME = "$(TARGET_NAME)";
				SDKROOT = auto;
				SUPPORTED_PLATFORMS = "iphoneos iphonesimulator macosx";
				SWIFT_EMIT_LOC_STRINGS = YES;
				SWIFT_VERSION = 5.0;
				TARGETED_DEVICE_FAMILY = "1,2";
			};
			name = Release;
		};
		C0051C55299062C0002F802D /* Debug */ = {
			isa = XCBuildConfiguration;
			buildSettings = {
				ALWAYS_EMBED_SWIFT_STANDARD_LIBRARIES = YES;
				BUNDLE_LOADER = "$(TEST_HOST)";
				CODE_SIGN_STYLE = Automatic;
				CURRENT_PROJECT_VERSION = 1;
				DEVELOPMENT_TEAM = P9EUWQ8PR3;
				GENERATE_INFOPLIST_FILE = YES;
				IPHONEOS_DEPLOYMENT_TARGET = 16.0;
				MACOSX_DEPLOYMENT_TARGET = 12.3;
				MARKETING_VERSION = 1.0;
				PRODUCT_BUNDLE_IDENTIFIER = "captaincode.cc.self-storage-adminTests";
				PRODUCT_NAME = "$(TARGET_NAME)";
				SDKROOT = auto;
				SUPPORTED_PLATFORMS = "iphoneos iphonesimulator macosx";
				SWIFT_EMIT_LOC_STRINGS = NO;
				SWIFT_VERSION = 5.0;
				TARGETED_DEVICE_FAMILY = "1,2";
				TEST_HOST = "$(BUILT_PRODUCTS_DIR)/self-storage-admin.app/$(BUNDLE_EXECUTABLE_FOLDER_PATH)/self-storage-admin";
			};
			name = Debug;
		};
		C0051C56299062C0002F802D /* Release */ = {
			isa = XCBuildConfiguration;
			buildSettings = {
				ALWAYS_EMBED_SWIFT_STANDARD_LIBRARIES = YES;
				BUNDLE_LOADER = "$(TEST_HOST)";
				CODE_SIGN_STYLE = Automatic;
				CURRENT_PROJECT_VERSION = 1;
				DEVELOPMENT_TEAM = P9EUWQ8PR3;
				GENERATE_INFOPLIST_FILE = YES;
				IPHONEOS_DEPLOYMENT_TARGET = 16.0;
				MACOSX_DEPLOYMENT_TARGET = 12.3;
				MARKETING_VERSION = 1.0;
				PRODUCT_BUNDLE_IDENTIFIER = "captaincode.cc.self-storage-adminTests";
				PRODUCT_NAME = "$(TARGET_NAME)";
				SDKROOT = auto;
				SUPPORTED_PLATFORMS = "iphoneos iphonesimulator macosx";
				SWIFT_EMIT_LOC_STRINGS = NO;
				SWIFT_VERSION = 5.0;
				TARGETED_DEVICE_FAMILY = "1,2";
				TEST_HOST = "$(BUILT_PRODUCTS_DIR)/self-storage-admin.app/$(BUNDLE_EXECUTABLE_FOLDER_PATH)/self-storage-admin";
			};
			name = Release;
		};
		C0051C58299062C0002F802D /* Debug */ = {
			isa = XCBuildConfiguration;
			buildSettings = {
				ALWAYS_EMBED_SWIFT_STANDARD_LIBRARIES = YES;
				CODE_SIGN_STYLE = Automatic;
				CURRENT_PROJECT_VERSION = 1;
				DEVELOPMENT_TEAM = P9EUWQ8PR3;
				GENERATE_INFOPLIST_FILE = YES;
				IPHONEOS_DEPLOYMENT_TARGET = 16.0;
				MACOSX_DEPLOYMENT_TARGET = 12.3;
				MARKETING_VERSION = 1.0;
				PRODUCT_BUNDLE_IDENTIFIER = "captaincode.cc.self-storage-adminUITests";
				PRODUCT_NAME = "$(TARGET_NAME)";
				SDKROOT = auto;
				SUPPORTED_PLATFORMS = "iphoneos iphonesimulator macosx";
				SWIFT_EMIT_LOC_STRINGS = NO;
				SWIFT_VERSION = 5.0;
				TARGETED_DEVICE_FAMILY = "1,2";
				TEST_TARGET_NAME = "self-storage-admin";
			};
			name = Debug;
		};
		C0051C59299062C0002F802D /* Release */ = {
			isa = XCBuildConfiguration;
			buildSettings = {
				ALWAYS_EMBED_SWIFT_STANDARD_LIBRARIES = YES;
				CODE_SIGN_STYLE = Automatic;
				CURRENT_PROJECT_VERSION = 1;
				DEVELOPMENT_TEAM = P9EUWQ8PR3;
				GENERATE_INFOPLIST_FILE = YES;
				IPHONEOS_DEPLOYMENT_TARGET = 16.0;
				MACOSX_DEPLOYMENT_TARGET = 12.3;
				MARKETING_VERSION = 1.0;
				PRODUCT_BUNDLE_IDENTIFIER = "captaincode.cc.self-storage-adminUITests";
				PRODUCT_NAME = "$(TARGET_NAME)";
				SDKROOT = auto;
				SUPPORTED_PLATFORMS = "iphoneos iphonesimulator macosx";
				SWIFT_EMIT_LOC_STRINGS = NO;
				SWIFT_VERSION = 5.0;
				TARGETED_DEVICE_FAMILY = "1,2";
				TEST_TARGET_NAME = "self-storage-admin";
			};
			name = Release;
		};
/* End XCBuildConfiguration section */

/* Begin XCConfigurationList section */
		C0051C27299062BF002F802D /* Build configuration list for PBXProject "self-storage-admin" */ = {
			isa = XCConfigurationList;
			buildConfigurations = (
				C0051C4F299062C0002F802D /* Debug */,
				C0051C50299062C0002F802D /* Release */,
			);
			defaultConfigurationIsVisible = 0;
			defaultConfigurationName = Release;
		};
		C0051C51299062C0002F802D /* Build configuration list for PBXNativeTarget "self-storage-admin" */ = {
			isa = XCConfigurationList;
			buildConfigurations = (
				C0051C52299062C0002F802D /* Debug */,
				C0051C53299062C0002F802D /* Release */,
			);
			defaultConfigurationIsVisible = 0;
			defaultConfigurationName = Release;
		};
		C0051C54299062C0002F802D /* Build configuration list for PBXNativeTarget "self-storage-adminTests" */ = {
			isa = XCConfigurationList;
			buildConfigurations = (
				C0051C55299062C0002F802D /* Debug */,
				C0051C56299062C0002F802D /* Release */,
			);
			defaultConfigurationIsVisible = 0;
			defaultConfigurationName = Release;
		};
		C0051C57299062C0002F802D /* Build configuration list for PBXNativeTarget "self-storage-adminUITests" */ = {
			isa = XCConfigurationList;
			buildConfigurations = (
				C0051C58299062C0002F802D /* Debug */,
				C0051C59299062C0002F802D /* Release */,
			);
			defaultConfigurationIsVisible = 0;
			defaultConfigurationName = Release;
		};
/* End XCConfigurationList section */
	};
	rootObject = C0051C24299062BF002F802D /* Project object */;
}
